
Microsoft Visual Studio Solution File, Format Version 12.00
# Visual Studio Version 17
VisualStudioVersion = 17.9.34616.47
MinimumVisualStudioVersion = 10.0.40219.1
Project("{FAE04EC0-301F-11D3-BF4B-00C04F79EFBC}") = "TP2_WinForm", "TP2_WinForm.csproj", "{D22AB76A-3E3B-4B35-B25C-E034018CF054}"
EndProject
Project("{FAE04EC0-301F-11D3-BF4B-00C04F79EFBC}") = "Dominio", "..\Dominio\Dominio.csproj", "{61DADF9B-67A7-4F6B-829F-94E6A551F3C5}"
EndProject
Project("{FAE04EC0-301F-11D3-BF4B-00C04F79EFBC}") = "Negocio", "..\Negocio\Negocio.csproj", "{551BED00-EC71-4C14-9F71-2E83FAD9D423}"
EndProject
Global
	GlobalSection(SolutionConfigurationPlatforms) = preSolution
		Debug|Any CPU = Debug|Any CPU
		Release|Any CPU = Release|Any CPU
	EndGlobalSection
	GlobalSection(ProjectConfigurationPlatforms) = postSolution
		{D22AB76A-3E3B-4B35-B25C-E034018CF054}.Debug|Any CPU.ActiveCfg = Debug|Any CPU
		{D22AB76A-3E3B-4B35-B25C-E034018CF054}.Debug|Any CPU.Build.0 = Debug|Any CPU
		{D22AB76A-3E3B-4B35-B25C-E034018CF054}.Release|Any CPU.ActiveCfg = Release|Any CPU
		{D22AB76A-3E3B-4B35-B25C-E034018CF054}.Release|Any CPU.Build.0 = Release|Any CPU
		{61DADF9B-67A7-4F6B-829F-94E6A551F3C5}.Debug|Any CPU.ActiveCfg = Debug|Any CPU
		{61DADF9B-67A7-4F6B-829F-94E6A551F3C5}.Debug|Any CPU.Build.0 = Debug|Any CPU
		{61DADF9B-67A7-4F6B-829F-94E6A551F3C5}.Release|Any CPU.ActiveCfg = Release|Any CPU
		{61DADF9B-67A7-4F6B-829F-94E6A551F3C5}.Release|Any CPU.Build.0 = Release|Any CPU
		{551BED00-EC71-4C14-9F71-2E83FAD9D423}.Debug|Any CPU.ActiveCfg = Debug|Any CPU
		{551BED00-EC71-4C14-9F71-2E83FAD9D423}.Debug|Any CPU.Build.0 = Debug|Any CPU
		{551BED00-EC71-4C14-9F71-2E83FAD9D423}.Release|Any CPU.ActiveCfg = Release|Any CPU
		{551BED00-EC71-4C14-9F71-2E83FAD9D423}.Release|Any CPU.Build.0 = Release|Any CPU
	EndGlobalSection
	GlobalSection(SolutionProperties) = preSolution
		HideSolutionNode = FALSE
	EndGlobalSection
	GlobalSection(ExtensibilityGlobals) = postSolution
		SolutionGuid = {3DD1597C-7189-422F-AA3D-58A9EDE38E3B}
	EndGlobalSection
EndGlobal
